{
  "name": "@bdayhero/client",
  "lockfileVersion": 3,
  "requires": true,
  "packages": {
    "": {
      "name": "@bdayhero/client",
      "hasInstallScript": true,
      "dependencies": {
        "@apollo/server": "^5.5.0",
        "@headlessui/vue": "^1.7.23",
        "@heroicons/vue": "^2.2.0",
        "@nuxt/fonts": "^0.14.0",
        "@nuxt/image": "^2.0.0",
        "@nuxtjs/apollo": "^5.0.0-alpha.14",
        "@nuxtjs/color-mode": "^4.0.0",
        "@nuxtjs/i18n": "^10.2.4",
        "@nuxtjs/sitemap": "^8.0.13",
        "@nuxtjs/tailwindcss": "^7.0.0-beta.1",
        "@pinia/nuxt": "^0.11.3",
        "@tailwindcss/forms": "^0.5.11",
        "@vueuse/core": "^14.2.1",
        "@vueuse/motion": "^3.0.3",
        "@vueuse/nuxt": "^14.2.1",
        "countup.js": "^2.10.0",
        "dayjs-nuxt": "^2.1.11",
        "jsonwebtoken": "^9.0.3",
        "nuxt": "^4.4.2",
        "nuxt-particles": "^0.3.0",
        "pinia": "^3.0.4",
        "pinia-plugin-persistedstate": "^4.7.1",
        "tailwindcss": "^4.2.2",
        "typewriter-effect": "^2.22.0"
      },
      "devDependencies": {
        "@nuxt/devtools": "^4.0.0-alpha.4",
        "@types/jsonwebtoken": "^9.0.10"
      }
    },
    "../../node_modules/.pnpm/@apollo+server@5.5.0_graphql@16.13.2/node_modules/@apollo/server": {
      "version": "5.5.0",
      "license": "MIT",
      "dependencies": {
        "@apollo/cache-control-types": "^1.0.3",
        "@apollo/server-gateway-interface": "^2.0.0",
        "@apollo/usage-reporting-protobuf": "^4.1.1",
        "@apollo/utils.createhash": "^3.0.0",
        "@apollo/utils.fetcher": "^3.0.0",
        "@apollo/utils.isnodelike": "^3.0.0",
        "@apollo/utils.keyvaluecache": "^4.0.0",
        "@apollo/utils.logger": "^3.0.0",
        "@apollo/utils.usagereporting": "^2.1.0",
        "@apollo/utils.withrequired": "^3.0.0",
        "@graphql-tools/schema": "^10.0.0",
        "async-retry": "^1.2.1",
        "body-parser": "^2.2.2",
        "content-type": "^1.0.5",
        "cors": "^2.8.5",
        "finalhandler": "^2.1.0",
        "loglevel": "^1.6.8",
        "lru-cache": "^11.1.0",
        "negotiator": "^1.0.0",
        "uuid": "^11.1.0",
        "whatwg-mimetype": "^4.0.0"
      },
      "engines": {
        "node": ">=20"
      },
      "peerDependencies": {
        "graphql": "^16.11.0"
      }
    },
    "../../node_modules/.pnpm/@headlessui+vue@1.7.23_vue@3.5.32_typescript@6.0.2_/node_modules/@headlessui/vue": {
      "version": "1.7.23",
      "license": "MIT",
      "dependencies": {
        "@tanstack/vue-virtual": "^3.0.0-beta.60"
      },
      "devDependencies": {
        "@testing-library/vue": "^5.8.2",
        "@vue/test-utils": "^2.0.0-rc.18",
        "vue": "^3.2.29"
      },
      "engines": {
        "node": ">=10"
      },
      "peerDependencies": {
        "vue": "^3.2.0"
      }
    },
    "../../node_modules/.pnpm/@heroicons+vue@2.2.0_vue@3.5.32_typescript@6.0.2_/node_modules/@heroicons/vue": {
      "version": "2.2.0",
      "license": "MIT",
      "peerDependencies": {
        "vue": ">= 3"
      }
    },
    "../../node_modules/.pnpm/@nuxt+devtools@4.0.0-alpha._e82c3083f06beb3ad0d2994ca2770f3d/node_modules/@nuxt/devtools": {
      "version": "4.0.0-alpha.4",
      "dev": true,
      "license": "MIT",
      "dependencies": {
        "@nuxt/devtools-kit": "4.0.0-alpha.4",
        "@nuxt/kit": "^4.4.2",
        "@vitejs/devtools": "^0.1.13",
        "@vitejs/devtools-kit": "^0.1.13",
        "@vue/devtools-core": "^8.1.1",
        "@vue/devtools-kit": "^8.1.1",
        "birpc": "^4.0.0",
        "consola": "^3.4.2",
        "destr": "^2.0.5",
        "error-stack-parser-es": "^1.0.5",
        "fast-npm-meta": "^1.4.2",
        "get-port-please": "^3.2.0",
        "hookable": "^6.1.0",
        "image-meta": "^0.2.2",
        "launch-editor": "^2.13.2",
        "local-pkg": "^1.1.2",
        "magicast": "^0.5.2",
        "ohash": "^2.0.11",
        "pathe": "^2.0.3",
        "perfect-debounce": "^2.1.0",
        "pkg-types": "^2.3.0",
        "semver": "^7.7.4",
        "sirv": "^3.0.2",
        "structured-clone-es": "^2.0.0",
        "tinyexec": "^1.1.1",
        "tinyglobby": "^0.2.16",
        "vite-plugin-inspect": "^12.0.0-beta.1",
        "vite-plugin-vue-tracer": "^1.3.0",
        "which": "^6.0.1",
        "ws": "^8.20.0"
      },
      "devDependencies": {
        "@antfu/utils": "^9.3.0",
        "@discoveryjs/cli": "^2.14.7",
        "@discoveryjs/discovery": "1.0.0-beta.92",
        "@iconify-json/bxl": "^1.2.4",
        "@iconify-json/carbon": "^1.2.20",
        "@iconify-json/logos": "^1.2.11",
        "@iconify-json/ph": "^1.2.2",
        "@iconify-json/ri": "^1.2.10",
        "@iconify-json/simple-icons": "^1.2.77",
        "@iconify-json/tabler": "^1.2.33",
        "@nuxt/test-utils": "^4.0.0",
        "@parcel/watcher": "^2.5.6",
        "@types/markdown-it-link-attributes": "^3.0.5",
        "@unhead/schema": "^2.1.13",
        "@unocss/nuxt": "^66.6.7",
        "@unocss/preset-icons": "^66.6.7",
        "@unocss/preset-uno": "^66.6.7",
        "@unocss/runtime": "^66.6.7",
        "@vitejs/devtools": "^0.1.13",
        "@vitest/ui": "^4.1.3",
        "@vue/devtools-applet": "^8.1.1",
        "@vueuse/nuxt": "^14.2.1",
        "@xterm/addon-fit": "^0.11.0",
        "@xterm/xterm": "^6.0.0",
        "cronstrue": "^3.14.0",
        "exsolve": "^1.0.8",
        "floating-vue": "^5.2.2",
        "fuse.js": "^7.3.0",
        "json-editor-vue": "^0.18.1",
        "lightningcss": "^1.32.0",
        "markdown-it": "^14.1.1",
        "markdown-it-link-attributes": "^4.0.1",
        "nitropack": "^2.13.3",
        "nuxt": "^4.4.2",
        "ofetch": "^1.5.1",
        "package-manager-detector": "^1.6.0",
        "quicktype-core": "22.0.0",
        "scule": "^1.3.0",
        "shiki": "^4.0.2",
        "shiki-codegen": "^4.0.2",
        "theme-vitesse": "^1.0.0",
        "tsx": "^4.21.0",
        "ua-parser-modern": "^0.1.1",
        "unimport": "^6.0.2",
        "unocss": "^66.6.7",
        "unplugin-vue": "^7.1.1",
        "unplugin-vue-markdown": "^30.0.0",
        "vanilla-jsoneditor": "^3.12.0",
        "vis-data": "^8.0.3",
        "vis-network": "^10.0.2",
        "vue-tsc": "^3.2.6",
        "vue-virtual-scroller": "^2.0.1"
      },
      "peerDependencies": {
        "vite": ">=6.0"
      }
    },
    "../../node_modules/.pnpm/@nuxt+fonts@0.14.0_db0@0.3._9bc7c5b56de80a2bb6e99c238269faba/node_modules/@nuxt/fonts": {
      "version": "0.14.0",
      "license": "MIT",
      "dependencies": {
        "@nuxt/devtools-kit": "^3.2.1",
        "@nuxt/kit": "^4.2.2",
        "consola": "^3.4.2",
        "defu": "^6.1.4",
        "fontless": "^0.2.1",
        "h3": "^1.15.5",
        "magic-regexp": "^0.10.0",
        "ofetch": "^1.5.1",
        "pathe": "^2.0.3",
        "sirv": "^3.0.2",
        "tinyglobby": "^0.2.15",
        "ufo": "^1.6.3",
        "unifont": "^0.7.4",
        "unplugin": "^3.0.0",
        "unstorage": "^1.17.4"
      },
      "devDependencies": {
        "@iconify-json/carbon": "^1.2.18",
        "@nuxt/devtools": "latest",
        "@nuxt/eslint-config": "^1.15.1",
        "@nuxt/module-builder": "^1.0.2",
        "@nuxt/schema": "^4.2.2",
        "@nuxt/test-utils": "^4.0.0",
        "@types/node": "^24.10.13",
        "@types/semver": "^7.7.1",
        "@vitest/coverage-v8": "^4.0.18",
        "birpc": "^4.0.0",
        "changelogen": "^0.6.2",
        "eslint": "^10.0.0",
        "nitropack": "^2.13.1",
        "nuxt": "^4.2.2",
        "nuxt-fonts-devtools": "client",
        "pkg-pr-new": "^0.0.63",
        "playwright-core": "^1.58.2",
        "semver": "^7.7.4",
        "typescript": "^5.9.3",
        "unbuild": "^3.6.1",
        "vite": "~7.3.1",
        "vitest": "^4.0.18",
        "vue": "3.5.28",
        "vue-bundle-renderer": "^2.2.0",
        "vue-tsc": "^3.2.4"
      }
    },
    "../../node_modules/.pnpm/@nuxt+image@2.0.0_db0@0.3.4_ee1843567f23bf7b89a51ef9dd4920d6/node_modules/@nuxt/image": {
      "version": "2.0.0",
      "license": "MIT",
      "dependencies": {
        "@nuxt/kit": "^4.2.0",
        "consola": "^3.4.2",
        "defu": "^6.1.4",
        "h3": "^1.15.4",
        "image-meta": "^0.2.2",
        "knitwork": "^1.2.0",
        "ohash": "^2.0.11",
        "pathe": "^2.0.3",
        "std-env": "^3.10.0",
        "ufo": "^1.6.1"
      },
      "devDependencies": {
        "@nuxt/eslint-config": "1.10.0",
        "@nuxt/module-builder": "1.0.2",
        "@nuxt/schema": "4.2.0",
        "@nuxt/test-utils": "^3.20.1",
        "@types/node": "^24.10.0",
        "@types/semver": "^7.7.1",
        "@unhead/vue": "^2.0.19",
        "@vitest/coverage-v8": "^3.2.4",
        "@vue/test-utils": "^2.4.6",
        "changelogen": "^0.6.2",
        "eslint": "9.39.1",
        "happy-dom": "^20.0.10",
        "installed-check": "^9.3.0",
        "ipx": "^3.1.1",
        "jiti": "2.6.1",
        "knip": "^5.67.1",
        "nitropack": "^2.12.9",
        "nuxt": "^4.2.0",
        "ofetch": "^1.5.1",
        "pkg-pr-new": "^0.0.60",
        "playwright-core": "^1.56.1",
        "semver": "^7.7.3",
        "tinyexec": "^1.0.1",
        "tinyglobby": "^0.2.15",
        "typescript": "5.9.3",
        "unbuild": "^3.6.1",
        "vitest": "^3.2.4",
        "vitest-environment-nuxt": "^1.0.1",
        "vue": "3.5.22",
        "vue-tsc": "^3.1.3"
      },
      "engines": {
        "node": ">=18.20.6"
      },
      "optionalDependencies": {
        "ipx": "^3.1.1"
      }
    },
    "../../node_modules/.pnpm/@nuxtjs+apollo@5.0.0-alpha._c0d0ede2c7b1ad365397a0ed0ec04d95/node_modules/@nuxtjs/apollo": {
      "version": "5.0.0-alpha.16",
      "license": "MIT",
      "dependencies": {
        "@apollo/client": "^3.13.8",
        "@nuxt/kit": "^4.0.2",
        "@rollup/plugin-graphql": "^2.0.5",
        "@vue/apollo-composable": "^4.2.2",
        "@vue/apollo-option": "^4.2.2",
        "defu": "^6.1.4",
        "destr": "^2.0.5",
        "graphql": "^16.11.0",
        "graphql-tag": "^2.12.6",
        "graphql-ws": "^6.0.6",
        "jiti": "^2.5.1",
        "ohash": "^2.0.11"
      },
      "devDependencies": {
        "@eslint/compat": "^1.3.1",
        "@nuxt/eslint-config": "^1.7.0",
        "@nuxt/module-builder": "^1.0.1",
        "@nuxt/schema": "^4.0.2",
        "@nuxt/ui": "^3.3.0",
        "@types/node": "^24.1.0",
        "eslint": "^9.31.0",
        "nuxt": "^4.0.2"
      }
    },
    "../../node_modules/.pnpm/@nuxtjs+color-mode@4.0.0_magicast@0.5.2/node_modules/@nuxtjs/color-mode": {
      "version": "4.0.0",
      "license": "MIT",
      "dependencies": {
        "@nuxt/kit": "^4.2.1",
        "exsolve": "^1.0.8",
        "pathe": "^2.0.3",
        "pkg-types": "^2.3.0",
        "semver": "^7.7.3"
      },
      "devDependencies": {
        "@commitlint/cli": "^20.1.0",
        "@commitlint/config-conventional": "^20.0.0",
        "@nuxt/eslint-config": "^1.10.0",
        "@nuxt/module-builder": "^1.0.2",
        "@nuxt/schema": "^4.2.1",
        "@nuxt/test-utils": "^3.20.1",
        "@types/lodash.template": "^4.5.3",
        "@types/semver": "^7.7.1",
        "@typescript-eslint/parser": "^8.46.4",
        "@vitest/coverage-v8": "^4.0.8",
        "bumpp": "^10.3.1",
        "changelogithub": "^13.16.1",
        "esbuild": "^0.27.0",
        "eslint": "^9.39.1",
        "husky": "9.1.7",
        "nuxt": "^4.2.1",
        "typescript": "^5.9.3",
        "unbuild": "^3.6.1",
        "vitest": "^4.0.8",
        "vue-tsc": "^3.1.3"
      }
    },
    "../../node_modules/.pnpm/@nuxtjs+i18n@10.2.4_@emnapi_54ec172b89d69ebcf3f75ba70b49cc76/node_modules/@nuxtjs/i18n": {
      "version": "10.2.4",
      "license": "MIT",
      "dependencies": {
        "@intlify/core": "^11.2.8",
        "@intlify/h3": "^0.7.4",
        "@intlify/shared": "^11.2.8",
        "@intlify/unplugin-vue-i18n": "^11.0.7",
        "@intlify/utils": "^0.14.1",
        "@miyaneee/rollup-plugin-json5": "^1.2.0",
        "@nuxt/kit": "^4.4.2",
        "@rollup/plugin-yaml": "^4.1.2",
        "@vue/compiler-sfc": "^3.5.22",
        "defu": "^6.1.4",
        "devalue": "^5.1.1",
        "h3": "^1.15.4",
        "knitwork": "^1.2.0",
        "magic-string": "^0.30.21",
        "mlly": "^1.7.4",
        "nuxt-define": "^1.0.0",
        "ohash": "^2.0.11",
        "oxc-parser": "^0.112.0",
        "oxc-transform": "^0.112.0",
        "oxc-walker": "^0.7.0",
        "pathe": "^2.0.3",
        "ufo": "^1.6.1",
        "unplugin": "^2.3.11",
        "unrouting": "^0.1.5",
        "unstorage": "^1.16.1",
        "vue-i18n": "^11.1.11",
        "vue-router": "^5.0.4"
      },
      "devDependencies": {
        "@nuxt/eslint-config": "^1.15.2",
        "@nuxt/module-builder": "^1.0.2",
        "@nuxt/schema": "^4.4.2",
        "bumpp": "^10.2.0",
        "consola": "^3.4.2",
        "eslint": "^9.32.0",
        "eslint-plugin-perfectionist": "^4.15.1",
        "eslint-typegen": "^2.3.0",
        "get-port-please": "^3.2.0",
        "jiti": "^2.5.1",
        "knip": "5.62.0",
        "nitropack": "^2.13.1",
        "nuxt": "^4.4.2",
        "ofetch": "^1.4.1",
        "playwright-core": "^1.54.1",
        "scule": "^1.3.0",
        "tinyexec": "^1.0.1",
        "typescript": "^5.9.3",
        "unbuild": "^3.6.0",
        "undici": "^7.12.0",
        "vitest": "^3.2.4",
        "vue": "^3.5.30"
      },
      "engines": {
        "node": ">=20.11.1"
      },
      "funding": {
        "url": "https://github.com/sponsors/bobbiegoede"
      }
    },
    "../../node_modules/.pnpm/@nuxtjs+sitemap@8.0.13_5304013ce6a5e1abd8655ab8eb17e51e/node_modules/@nuxtjs/sitemap": {
      "version": "8.0.13",
      "license": "MIT",
      "dependencies": {
        "@nuxt/kit": "^4.4.2",
        "consola": "^3.4.2",
        "defu": "^6.1.7",
        "fast-xml-parser": "^5.6.0",
        "nuxt-site-config": "^4.0.8",
        "nuxtseo-shared": "^5.1.3",
        "ofetch": "^1.5.1",
        "pathe": "^2.0.3",
        "pkg-types": "^2.3.0",
        "radix3": "^1.1.2",
        "ufo": "^1.6.3",
        "ultrahtml": "^1.6.0"
      },
      "devDependencies": {
        "@antfu/eslint-config": "^8.2.0",
        "@arethetypeswrong/cli": "^0.18.2",
        "@nuxt/content": "^3.13.0",
        "@nuxt/devtools-kit": "4.0.0-alpha.3",
        "@nuxt/module-builder": "^1.0.2",
        "@nuxt/test-utils": "^4.0.2",
        "@nuxt/ui": "^4.6.1",
        "@nuxtjs/i18n": "^10.2.4",
        "@nuxtjs/robots": "^6.0.7",
        "@nuxtjs/sitemap": "8.0.13",
        "@vue/test-utils": "^2.4.6",
        "better-sqlite3": "^12.9.0",
        "bumpp": "^11.0.1",
        "eslint": "^10.2.0",
        "eslint-plugin-harlanzw": "^0.12.1",
        "execa": "^9.6.1",
        "happy-dom": "^20.9.0",
        "nuxt": "^4.4.2",
        "nuxt-i18n-micro": "^3.17.0",
        "nuxtseo-layer-devtools": "^5.1.3",
        "semver": "^7.7.4",
        "sirv": "^3.0.2",
        "std-env": "^4.1.0",
        "typescript": "^6.0.2",
        "vitest": "^4.1.4",
        "vue-tsc": "^3.2.6",
        "zod": "^4.3.6"
      },
      "engines": {
        "node": ">=18.0.0"
      },
      "funding": {
        "url": "https://github.com/sponsors/harlan-zw"
      },
      "peerDependencies": {
        "zod": ">=3"
      },
      "peerDependenciesMeta": {
        "zod": {
          "optional": true
        }
      }
    },
    "../../node_modules/.pnpm/@nuxtjs+tailwindcss@7.0.0-b_7cbfca7a561ae0afe2066967e34bcfe1/node_modules/@nuxtjs/tailwindcss": {
      "version": "7.0.0-beta.1",
      "license": "MIT",
      "dependencies": {
        "@nuxt/kit": "^4.1.0",
        "@tailwindcss/postcss": "^4.1.12",
        "@tailwindcss/vite": "^4.1.12",
        "exsolve": "^1.0.7",
        "pathe": "^2.0.3",
        "tailwindcss": "^4.1.12"
      },
      "devDependencies": {
        "@nuxt/devtools": "^2.6.3",
        "@nuxt/eslint": "^1.9.0",
        "@nuxt/eslint-config": "^1.9.0",
        "@nuxt/module-builder": "^1.0.2",
        "@nuxt/test-utils": "^3.19.2",
        "changelogen": "^0.6.2",
        "eslint": "^9.34.0",
        "happy-dom": "^18.0.1",
        "nuxt": "^4.1.0",
        "typescript": "^5.9.2",
        "vitest": "^3.2.4",
        "vue-tsc": "^3.0.6"
      }
    },
    "../../node_modules/.pnpm/@pinia+nuxt@0.11.3_magicast_e29c968eea0ea9759af1700d23343e7c/node_modules/@pinia/nuxt": {
      "version": "0.11.3",
      "license": "MIT",
      "dependencies": {
        "@nuxt/kit": "^4.2.0"
      },
      "devDependencies": {
        "@nuxt/module-builder": "1.0.2",
        "@nuxt/schema": "^4.2.0",
        "@nuxt/test-utils": "^3.20.1",
        "nuxt": "^4.2.0",
        "pinia": "^3.0.4",
        "typescript": "^5.9.3",
        "vue-tsc": "^3.1.3"
      },
      "funding": {
        "url": "https://github.com/sponsors/posva"
      },
      "peerDependencies": {
        "pinia": "^3.0.4"
      }
    },
    "../../node_modules/.pnpm/@tailwindcss+forms@0.5.11_tailwindcss@4.2.2/node_modules/@tailwindcss/forms": {
      "version": "0.5.11",
      "license": "MIT",
      "dependencies": {
        "mini-svg-data-uri": "^1.2.3"
      },
      "devDependencies": {
        "autoprefixer": "^10.4.6",
        "concurrently": "^5.3.0",
        "live-server": "^1.2.2",
        "postcss": "^8.4.13",
        "prettier": "^3.3.3",
        "prettier-plugin-tailwindcss": "^0.6.8",
        "tailwindcss": "^3.0.24"
      },
      "peerDependencies": {
        "tailwindcss": ">=3.0.0 || >= 3.0.0-alpha.1 || >= 4.0.0-alpha.20 || >= 4.0.0-beta.1"
      }
    },
    "../../node_modules/.pnpm/@vueuse+core@14.2.1_vue@3.5.32_typescript@6.0.2_/node_modules/@vueuse/core": {
      "version": "14.2.1",
      "license": "MIT",
      "dependencies": {
        "@types/web-bluetooth": "^0.0.21",
        "@vueuse/metadata": "14.2.1",
        "@vueuse/shared": "14.2.1"
      },
      "funding": {
        "url": "https://github.com/sponsors/antfu"
      },
      "peerDependencies": {
        "vue": "^3.5.0"
      }
    },
    "../../node_modules/.pnpm/@vueuse+motion@3.0.3_magica_abf14b7e149ef30d529e1b6dd0311149/node_modules/@vueuse/motion": {
      "version": "3.0.3",
      "license": "MIT",
      "dependencies": {
        "@vueuse/core": "^13.0.0",
        "@vueuse/shared": "^13.0.0",
        "defu": "^6.1.4",
        "framesync": "^6.1.2",
        "popmotion": "^11.0.5",
        "style-value-types": "^5.1.2"
      },
      "devDependencies": {
        "@antfu/eslint-config": "^2.19.1",
        "@nuxt/kit": "^3.13.0",
        "@nuxt/module-builder": "^0.8.3",
        "@nuxt/schema": "^3.13.0",
        "@vitest/coverage-v8": "^1.6.0",
        "@vue/test-utils": "^2.4.6",
        "bumpp": "^9.5.2",
        "changelogithub": "^0.13.10",
        "chokidar": "^3.6.0",
        "eslint": "^9.3.0",
        "gh-changelogen": "^0.2.8",
        "happy-dom": "^14.12.0",
        "jiti": "^1.21.6",
        "lint-staged": "^15.2.5",
        "nuxt": "^3.13.0",
        "pkg-pr-new": "^0.0.20",
        "typescript": "^5.8.2",
        "unbuild": "^3.5.0",
        "vite": "5.2.12",
        "vitest": "^1.6.0",
        "vue": "^3.5.13",
        "yorkie": "^2.0.0"
      },
      "optionalDependencies": {
        "@nuxt/kit": "^3.13.0"
      },
      "peerDependencies": {
        "vue": ">=3.0.0"
      }
    },
    "../../node_modules/.pnpm/@vueuse+nuxt@14.2.1_magicas_dcf4db0290eccec101edef32c029df31/node_modules/@vueuse/nuxt": {
      "version": "14.2.1",
      "license": "MIT",
      "dependencies": {
        "@nuxt/kit": "^4.3.0",
        "@vueuse/core": "14.2.1",
        "@vueuse/metadata": "14.2.1",
        "local-pkg": "^1.1.2"
      },
      "devDependencies": {
        "@nuxt/schema": "^4.3.0",
        "nuxt": "^4.3.0",
        "unimport": "^5.6.0"
      },
      "funding": {
        "url": "https://github.com/sponsors/antfu"
      },
      "peerDependencies": {
        "nuxt": "^3.0.0 || ^4.0.0-0",
        "vue": "^3.5.0"
      }
    },
    "../../node_modules/.pnpm/countup.js@2.10.0/node_modules/countup.js": {
      "version": "2.10.0",
      "license": "MIT",
      "devDependencies": {
        "@eslint/js": "^9.6.0",
        "@rollup/plugin-terser": "^0.4.4",
        "@types/eslint__js": "^8.42.3",
        "@types/jest": "^29.5.12",
        "eslint": "^8.57.0",
        "eslint-plugin-import": "^2.29.1",
        "http-server": "^14.1.1",
        "jest": "^29.7.0",
        "jest-environment-jsdom": "^29.7.0",
        "rimraf": "^5.0.9",
        "rollup": "^4.18.1",
        "ts-jest": "^29.2.2",
        "typescript": "^5.5.3",
        "typescript-eslint": "^7.16.0"
      }
    },
    "../../node_modules/.pnpm/dayjs-nuxt@2.1.11_magicast@0.5.2/node_modules/dayjs-nuxt": {
      "version": "2.1.11",
      "license": "MIT",
      "dependencies": {
        "@nuxt/kit": "^3.7.4",
        "dayjs": "^1.11.10"
      },
      "devDependencies": {
        "@nuxt/devtools": "^1.0.0",
        "@nuxt/eslint-config": "^0.5.2",
        "@nuxt/module-builder": "^0.8.3",
        "@nuxt/schema": "^3.7.4",
        "@nuxt/test-utils": "^3.7.4",
        "@types/node": "^22.5.0",
        "changelogen": "^0.5.5",
        "eslint": "^9.9.1",
        "nuxt": "^3.13.0",
        "vitest": "^2.0.5"
      }
    },
    "../../node_modules/.pnpm/jsonwebtoken@9.0.3/node_modules/jsonwebtoken": {
      "version": "9.0.3",
      "license": "MIT",
      "dependencies": {
        "jws": "^4.0.1",
        "lodash.includes": "^4.3.0",
        "lodash.isboolean": "^3.0.3",
        "lodash.isinteger": "^4.0.4",
        "lodash.isnumber": "^3.0.3",
        "lodash.isplainobject": "^4.0.6",
        "lodash.isstring": "^4.0.1",
        "lodash.once": "^4.0.0",
        "ms": "^2.1.1",
        "semver": "^7.5.4"
      },
      "devDependencies": {
        "atob": "^2.1.2",
        "chai": "^4.1.2",
        "conventional-changelog": "~1.1.0",
        "eslint": "^4.19.1",
        "mocha": "^5.2.0",
        "nsp": "^2.6.2",
        "nyc": "^11.9.0",
        "sinon": "^6.0.0"
      },
      "engines": {
        "node": ">=12",
        "npm": ">=6"
      }
    },
    "../../node_modules/.pnpm/nuxt-particles@0.3.0_magicast@0.5.2/node_modules/nuxt-particles": {
      "version": "0.3.0",
      "license": "MIT",
      "dependencies": {
        "@nuxt/kit": "^3.11.1",
        "@tsparticles/basic": "^3.3.0",
        "@tsparticles/engine": "^3.3.0",
        "@tsparticles/slim": "^3.3.0",
        "defu": "^6.1.4",
        "tsparticles": "^3.3.0"
      },
      "devDependencies": {
        "@nuxt/devtools": "latest",
        "@nuxt/eslint-config": "^0.2.0",
        "@nuxt/module-builder": "^0.5.5",
        "@nuxt/schema": "^3.11.1",
        "@nuxt/test-utils": "^3.12.0",
        "@types/node": "^18.18.4",
        "changelogen": "^0.5.5",
        "eslint": "^8.57.0",
        "nuxt": "^3.11.1",
        "vitest": "^0.34.6"
      }
    },
    "../../node_modules/.pnpm/nuxt@4.4.2_@babel+core@7.29_89c77a22c3d4cf1e72d4370a826033a2/node_modules/nuxt": {
      "version": "4.4.2",
      "license": "MIT",
      "dependencies": {
        "@dxup/nuxt": "^0.4.0",
        "@nuxt/cli": "^3.34.0",
        "@nuxt/devtools": "^3.2.3",
        "@nuxt/kit": "4.4.2",
        "@nuxt/nitro-server": "4.4.2",
        "@nuxt/schema": "4.4.2",
        "@nuxt/telemetry": "^2.7.0",
        "@nuxt/vite-builder": "4.4.2",
        "@unhead/vue": "^2.1.12",
        "@vue/shared": "^3.5.30",
        "c12": "^3.3.3",
        "chokidar": "^5.0.0",
        "compatx": "^0.2.0",
        "consola": "^3.4.2",
        "cookie-es": "^2.0.0",
        "defu": "^6.1.4",
        "devalue": "^5.6.3",
        "errx": "^0.1.0",
        "escape-string-regexp": "^5.0.0",
        "exsolve": "^1.0.8",
        "hookable": "^6.0.1",
        "ignore": "^7.0.5",
        "impound": "^1.1.5",
        "jiti": "^2.6.1",
        "klona": "^2.0.6",
        "knitwork": "^1.3.0",
        "magic-string": "^0.30.21",
        "mlly": "^1.8.1",
        "nanotar": "^0.3.0",
        "nypm": "^0.6.5",
        "ofetch": "^1.5.1",
        "ohash": "^2.0.11",
        "on-change": "^6.0.2",
        "oxc-minify": "^0.117.0",
        "oxc-parser": "^0.117.0",
        "oxc-transform": "^0.117.0",
        "oxc-walker": "^0.7.0",
        "pathe": "^2.0.3",
        "perfect-debounce": "^2.1.0",
        "picomatch": "^4.0.3",
        "pkg-types": "^2.3.0",
        "rou3": "^0.8.1",
        "scule": "^1.3.0",
        "semver": "^7.7.4",
        "std-env": "^4.0.0",
        "tinyglobby": "^0.2.15",
        "ufo": "^1.6.3",
        "ultrahtml": "^1.6.0",
        "uncrypto": "^0.1.3",
        "unctx": "^2.5.0",
        "unimport": "^6.0.1",
        "unplugin": "^3.0.0",
        "unrouting": "^0.1.5",
        "untyped": "^2.0.0",
        "vue": "^3.5.30",
        "vue-router": "^5.0.3"
      },
      "bin": {
        "nuxi": "bin/nuxt.mjs",
        "nuxt": "bin/nuxt.mjs"
      },
      "devDependencies": {
        "@nuxt/scripts": "0.13.2",
        "@parcel/watcher": "2.5.6",
        "@types/estree": "1.0.8",
        "@types/picomatch": "4.0.2",
        "@vitejs/plugin-vue": "6.0.4",
        "@vitejs/plugin-vue-jsx": "5.1.4",
        "@vue/compiler-sfc": "3.5.30",
        "unbuild": "3.6.1",
        "vite": "7.3.1",
        "vitest": "4.0.18",
        "vue-bundle-renderer": "2.2.0",
        "vue-sfc-transformer": "0.1.17"
      },
      "engines": {
        "node": "^20.19.0 || >=22.12.0"
      },
      "peerDependencies": {
        "@parcel/watcher": "^2.1.0",
        "@types/node": ">=18.12.0"
      },
      "peerDependenciesMeta": {
        "@parcel/watcher": {
          "optional": true
        },
        "@types/node": {
          "optional": true
        }
      }
    },
    "../../node_modules/.pnpm/pinia-plugin-persistedstate_4294f64f7797e0f72026f34b308a26b2/node_modules/pinia-plugin-persistedstate": {
      "version": "4.7.1",
      "license": "MIT",
      "dependencies": {
        "defu": "^6.1.4"
      },
      "devDependencies": {
        "@antfu/eslint-config": "^6.2.0",
        "@iconify-json/catppuccin": "^1.2.17",
        "@nuxt/devtools": "^3.0.1",
        "@nuxt/kit": "^4.2.0",
        "@nuxt/module-builder": "^1.0.2",
        "@nuxt/schema": "^4.2.0",
        "@pinia/nuxt": "^0.11.2",
        "@rollup/plugin-node-resolve": "^16.0.3",
        "@shikijs/vitepress-twoslash": "^3.14.0",
        "@types/node": "^24.9.2",
        "@vitest/coverage-v8": "^4.0.6",
        "@vitest/ui": "^4.0.6",
        "changelogen": "^0.6.2",
        "esbuild": "^0.25.11",
        "eslint": "^9.39.0",
        "eslint-plugin-format": "^1.0.2",
        "happy-dom": "^20.0.10",
        "lint-staged": "^16.2.6",
        "nuxt": "^4.2.0",
        "pinia": "^3.0.3",
        "pinia-plugin-persistedstate": "link:",
        "publint": "^0.3.15",
        "rollup": "^4.52.5",
        "rollup-plugin-esbuild": "^6.2.1",
        "simple-git-hooks": "^2.13.1",
        "tsdown": "^0.15.12",
        "tsup": "^8.5.0",
        "typescript": "~5.9.3",
        "vitepress": "^1.6.4",
        "vitepress-plugin-group-icons": "^1.6.5",
        "vitest": "^4.0.6",
        "vue": "^3.5.22",
        "vue-tsc": "^3.1.2"
      },
      "peerDependencies": {
        "@nuxt/kit": ">=3.0.0",
        "@pinia/nuxt": ">=0.10.0",
        "pinia": ">=3.0.0"
      },
      "peerDependenciesMeta": {
        "@nuxt/kit": {
          "optional": true
        },
        "@pinia/nuxt": {
          "optional": true
        },
        "pinia": {
          "optional": true
        }
      }
    },
    "../../node_modules/.pnpm/pinia@3.0.4_typescript@6.0.2_vue@3.5.32_typescript@6.0.2_/node_modules/pinia": {
      "version": "3.0.4",
      "license": "MIT",
      "dependencies": {
        "@vue/devtools-api": "^7.7.7"
      },
      "devDependencies": {
        "@microsoft/api-extractor": "7.53.3",
        "@vue/test-utils": "^2.4.6"
      },
      "funding": {
        "url": "https://github.com/sponsors/posva"
      },
      "peerDependencies": {
        "typescript": ">=4.5.0",
        "vue": "^3.5.11"
      },
      "peerDependenciesMeta": {
        "typescript": {
          "optional": true
        }
      }
    },
    "../../node_modules/.pnpm/tailwindcss@4.2.2/node_modules/tailwindcss": {
      "version": "4.2.2",
      "license": "MIT",
      "devDependencies": {
        "@jridgewell/remapping": "^2.3.5",
        "@tailwindcss/oxide": "^4.2.2",
        "@types/node": "^20.19.0",
        "dedent": "1.7.1",
        "lightningcss": "1.32.0",
        "magic-string": "^0.30.21",
        "source-map-js": "^1.2.1"
      }
    },
    "../../node_modules/.pnpm/typewriter-effect@2.22.0_re_d5f8dcbb56ab0741b7a766c1f3c71687/node_modules/typewriter-effect": {
      "version": "2.22.0",
      "license": "MIT",
      "dependencies": {
        "prop-types": "^15.8.1",
        "raf": "^3.4.1"
      },
      "devDependencies": {
        "@babel/cli": "^7.21.5",
        "@babel/core": "^7.22.1",
        "@babel/plugin-proposal-class-properties": "^7.18.6",
        "@babel/preset-env": "^7.22.4",
        "@babel/preset-react": "^7.22.3",
        "@babel/register": "^7.21.0",
        "@babel/runtime": "^7.22.3",
        "@testing-library/react": "^16.1.0",
        "babel-loader": "^8.3.0",
        "babel-plugin-transform-react-remove-prop-types": "^0.4.24",
        "core-js": "^3.30.2",
        "jest": "^28.1.3",
        "jest-environment-jsdom": "^28.1.3",
        "lolex": "^6.0.0",
        "react": "^19.0.0",
        "react-dom": "^19.0.0",
        "regenerator-runtime": "^0.13.11",
        "webpack": "^5.85.0",
        "webpack-bundle-analyzer": "^4.9.0",
        "webpack-cli": "^4.10.0",
        "webpack-merge": "^5.9.0"
      },
      "peerDependencies": {
        "react": ">=17.0.0",
        "react-dom": ">=17.0.0"
      }
    },
    "node_modules/@apollo/server": {
      "resolved": "../../node_modules/.pnpm/@apollo+server@5.5.0_graphql@16.13.2/node_modules/@apollo/server",
      "link": true
    },
    "node_modules/@headlessui/vue": {
      "resolved": "../../node_modules/.pnpm/@headlessui+vue@1.7.23_vue@3.5.32_typescript@6.0.2_/node_modules/@headlessui/vue",
      "link": true
    },
    "node_modules/@heroicons/vue": {
      "resolved": "../../node_modules/.pnpm/@heroicons+vue@2.2.0_vue@3.5.32_typescript@6.0.2_/node_modules/@heroicons/vue",
      "link": true
    },
    "node_modules/@nuxt/devtools": {
      "resolved": "../../node_modules/.pnpm/@nuxt+devtools@4.0.0-alpha._e82c3083f06beb3ad0d2994ca2770f3d/node_modules/@nuxt/devtools",
      "link": true
    },
    "node_modules/@nuxt/fonts": {
      "resolved": "../../node_modules/.pnpm/@nuxt+fonts@0.14.0_db0@0.3._9bc7c5b56de80a2bb6e99c238269faba/node_modules/@nuxt/fonts",
      "link": true
    },
    "node_modules/@nuxt/image": {
      "resolved": "../../node_modules/.pnpm/@nuxt+image@2.0.0_db0@0.3.4_ee1843567f23bf7b89a51ef9dd4920d6/node_modules/@nuxt/image",
      "link": true
    },
    "node_modules/@nuxtjs/apollo": {
      "resolved": "../../node_modules/.pnpm/@nuxtjs+apollo@5.0.0-alpha._c0d0ede2c7b1ad365397a0ed0ec04d95/node_modules/@nuxtjs/apollo",
      "link": true
    },
    "node_modules/@nuxtjs/color-mode": {
      "resolved": "../../node_modules/.pnpm/@nuxtjs+color-mode@4.0.0_magicast@0.5.2/node_modules/@nuxtjs/color-mode",
      "link": true
    },
    "node_modules/@nuxtjs/i18n": {
      "resolved": "../../node_modules/.pnpm/@nuxtjs+i18n@10.2.4_@emnapi_54ec172b89d69ebcf3f75ba70b49cc76/node_modules/@nuxtjs/i18n",
      "link": true
    },
    "node_modules/@nuxtjs/sitemap": {
      "resolved": "../../node_modules/.pnpm/@nuxtjs+sitemap@8.0.13_5304013ce6a5e1abd8655ab8eb17e51e/node_modules/@nuxtjs/sitemap",
      "link": true
    },
    "node_modules/@nuxtjs/tailwindcss": {
      "resolved": "../../node_modules/.pnpm/@nuxtjs+tailwindcss@7.0.0-b_7cbfca7a561ae0afe2066967e34bcfe1/node_modules/@nuxtjs/tailwindcss",
      "link": true
    },
    "node_modules/@pinia/nuxt": {
      "resolved": "../../node_modules/.pnpm/@pinia+nuxt@0.11.3_magicast_e29c968eea0ea9759af1700d23343e7c/node_modules/@pinia/nuxt",
      "link": true
    },
    "node_modules/@tailwindcss/forms": {
      "resolved": "../../node_modules/.pnpm/@tailwindcss+forms@0.5.11_tailwindcss@4.2.2/node_modules/@tailwindcss/forms",
      "link": true
    },
    "node_modules/@types/jsonwebtoken": {
      "version": "9.0.10",
      "resolved": "https://registry.npmjs.org/@types/jsonwebtoken/-/jsonwebtoken-9.0.10.tgz",
      "integrity": "sha512-asx5hIG9Qmf/1oStypjanR7iKTv0gXQ1Ov/jfrX6kS/EO0OFni8orbmGCn0672NHR3kXHwpAwR+B368ZGN/2rA==",
      "dev": true,
      "license": "MIT",
      "dependencies": {
        "@types/ms": "*",
        "@types/node": "*"
      }
    },
    "node_modules/@types/ms": {
      "version": "2.1.0",
      "resolved": "https://registry.npmjs.org/@types/ms/-/ms-2.1.0.tgz",
      "integrity": "sha512-GsCCIZDE/p3i96vtEqx+7dBUGXrc7zeSK3wwPHIaRThS+9OhWIXRqzs4d6k1SVU8g91DrNRWxWUGhp5KXQb2VA==",
      "dev": true,
      "license": "MIT"
    },
    "node_modules/@types/node": {
      "version": "25.6.0",
      "resolved": "https://registry.npmjs.org/@types/node/-/node-25.6.0.tgz",
      "integrity": "sha512-+qIYRKdNYJwY3vRCZMdJbPLJAtGjQBudzZzdzwQYkEPQd+PJGixUL5QfvCLDaULoLv+RhT3LDkwEfKaAkgSmNQ==",
      "dev": true,
      "license": "MIT",
      "dependencies": {
        "undici-types": "~7.19.0"
      }
    },
    "node_modules/@vueuse/core": {
      "resolved": "../../node_modules/.pnpm/@vueuse+core@14.2.1_vue@3.5.32_typescript@6.0.2_/node_modules/@vueuse/core",
      "link": true
    },
    "node_modules/@vueuse/motion": {
      "resolved": "../../node_modules/.pnpm/@vueuse+motion@3.0.3_magica_abf14b7e149ef30d529e1b6dd0311149/node_modules/@vueuse/motion",
      "link": true
    },
    "node_modules/@vueuse/nuxt": {
      "resolved": "../../node_modules/.pnpm/@vueuse+nuxt@14.2.1_magicas_dcf4db0290eccec101edef32c029df31/node_modules/@vueuse/nuxt",
      "link": true
    },
    "node_modules/countup.js": {
      "resolved": "../../node_modules/.pnpm/countup.js@2.10.0/node_modules/countup.js",
      "link": true
    },
    "node_modules/dayjs-nuxt": {
      "resolved": "../../node_modules/.pnpm/dayjs-nuxt@2.1.11_magicast@0.5.2/node_modules/dayjs-nuxt",
      "link": true
    },
    "node_modules/jsonwebtoken": {
      "resolved": "../../node_modules/.pnpm/jsonwebtoken@9.0.3/node_modules/jsonwebtoken",
      "link": true
    },
    "node_modules/nuxt": {
      "resolved": "../../node_modules/.pnpm/nuxt@4.4.2_@babel+core@7.29_89c77a22c3d4cf1e72d4370a826033a2/node_modules/nuxt",
      "link": true
    },
    "node_modules/nuxt-particles": {
      "resolved": "../../node_modules/.pnpm/nuxt-particles@0.3.0_magicast@0.5.2/node_modules/nuxt-particles",
      "link": true
    },
    "node_modules/pinia": {
      "resolved": "../../node_modules/.pnpm/pinia@3.0.4_typescript@6.0.2_vue@3.5.32_typescript@6.0.2_/node_modules/pinia",
      "link": true
    },
    "node_modules/pinia-plugin-persistedstate": {
      "resolved": "../../node_modules/.pnpm/pinia-plugin-persistedstate_4294f64f7797e0f72026f34b308a26b2/node_modules/pinia-plugin-persistedstate",
      "link": true
    },
    "node_modules/tailwindcss": {
      "resolved": "../../node_modules/.pnpm/tailwindcss@4.2.2/node_modules/tailwindcss",
      "link": true
    },
    "node_modules/typewriter-effect": {
      "resolved": "../../node_modules/.pnpm/typewriter-effect@2.22.0_re_d5f8dcbb56ab0741b7a766c1f3c71687/node_modules/typewriter-effect",
      "link": true
    },
    "node_modules/undici-types": {
      "version": "7.19.2",
      "resolved": "https://registry.npmjs.org/undici-types/-/undici-types-7.19.2.tgz",
      "integrity": "sha512-qYVnV5OEm2AW8cJMCpdV20CDyaN3g0AjDlOGf1OW4iaDEx8MwdtChUp4zu4H0VP3nDRF/8RKWH+IPp9uW0YGZg==",
      "dev": true,
      "license": "MIT"
    }
  }
}
